<?xml version="1.0" encoding="utf-8"?>
<Project ToolsVersion="4.0" xmlns="http://schemas.microsoft.com/developer/msbuild/2003">
  <ItemGroup>
    <Filter Include="MulNXiCore">
      <UniqueIdentifier>{4ed67fb1-70c4-4acb-bf8d-f980abb46b45}</UniqueIdentifier>
    </Filter>
    <Filter Include="DllMain">
      <UniqueIdentifier>{3900ffb0-aad7-4069-aa23-2818525e35c1}</UniqueIdentifier>
    </Filter>
    <Filter Include="MulNXiCore\CameraSystem">
      <UniqueIdentifier>{cfbe8ac3-565f-4a45-b2c1-e98e7059a50b}</UniqueIdentifier>
    </Filter>
    <Filter Include="MulNXiCore\ConsoleManager">
      <UniqueIdentifier>{d1ef420e-62c3-41ef-ba1b-1866b4785734}</UniqueIdentifier>
    </Filter>
    <Filter Include="MulNXiCore\GameSettingsManager">
      <UniqueIdentifier>{126d3674-ef83-4516-858a-434301f2508b}</UniqueIdentifier>
    </Filter>
    <Filter Include="MulNXiCore\CameraSystem\CameraDrawer">
      <UniqueIdentifier>{1481806f-8093-4da7-8bbf-3a36d4eb8210}</UniqueIdentifier>
    </Filter>
    <Filter Include="MulNXiCore\CameraSystem\Elements">
      <UniqueIdentifier>{cab6f0e0-cbcb-45f9-855e-16f2ca923d58}</UniqueIdentifier>
    </Filter>
    <Filter Include="MulNXiCore\CameraSystem\Solutions">
      <UniqueIdentifier>{23c52e25-27da-4280-8006-fae39b26a567}</UniqueIdentifier>
    </Filter>
    <Filter Include="MulNXiCore\CameraSystem\Elements\ElementBase">
      <UniqueIdentifier>{1ed65770-5e72-488a-8e56-576ec550042b}</UniqueIdentifier>
    </Filter>
    <Filter Include="MulNXiCore\CameraSystem\Solutions\Solution">
      <UniqueIdentifier>{c965436a-e293-41c1-aaaa-85aa56c82e83}</UniqueIdentifier>
    </Filter>
    <Filter Include="ThirdParty">
      <UniqueIdentifier>{05774525-b342-4d8d-a8a6-2aa95046cb6b}</UniqueIdentifier>
    </Filter>
    <Filter Include="ThirdParty\cs2_dumper">
      <UniqueIdentifier>{13f7dc69-f0ba-4900-98d3-4978e006e6df}</UniqueIdentifier>
    </Filter>
    <Filter Include="ThirdParty\imgui_d11">
      <UniqueIdentifier>{23a5d36a-a651-4faa-b9dd-f68270c225f9}</UniqueIdentifier>
    </Filter>
    <Filter Include="ThirdParty\minhook_debug_x64">
      <UniqueIdentifier>{773a05e6-8521-4730-8f7c-3268407074b6}</UniqueIdentifier>
    </Filter>
    <Filter Include="ThirdParty\pugixml">
      <UniqueIdentifier>{2a820d80-c3b5-465e-b2e2-ed85093c0bf7}</UniqueIdentifier>
    </Filter>
    <Filter Include="MulNXiCore\CameraSystem\Elements\ElementManager">
      <UniqueIdentifier>{cba379d4-58b1-4f3d-b8e0-5f555a8e8d18}</UniqueIdentifier>
    </Filter>
    <Filter Include="MulNXiCore\CameraSystem\Solutions\SolutionManager">
      <UniqueIdentifier>{fc584b1d-d842-4a31-bcba-49deeef55ef0}</UniqueIdentifier>
    </Filter>
    <Filter Include="MulNXiCore\CameraSystem\Elements\DerivedElements">
      <UniqueIdentifier>{ff4cd5b6-6cdd-4743-9318-2dc7066b7e1c}</UniqueIdentifier>
    </Filter>
    <Filter Include="MulNXiCore\CameraSystem\Elements\DerivedElements\FreeCameraPath">
      <UniqueIdentifier>{cb585c99-921c-4238-b6ba-98ec42b4f26f}</UniqueIdentifier>
    </Filter>
    <Filter Include="MulNXiCore\CameraSystem\Projects">
      <UniqueIdentifier>{d66bd801-2265-447d-a8a7-09018e8b9614}</UniqueIdentifier>
    </Filter>
    <Filter Include="MulNXiCore\CameraSystem\Workspaces">
      <UniqueIdentifier>{c715a5b1-bc0e-450c-ba37-b92936e76d72}</UniqueIdentifier>
    </Filter>
    <Filter Include="MulNXiCore\CameraSystem\Workspaces\Workspace">
      <UniqueIdentifier>{7d430ece-34b5-4e5f-abc8-b13f9ed1a6d5}</UniqueIdentifier>
    </Filter>
    <Filter Include="MulNXiCore\CameraSystem\Workspaces\WorkspaceManager">
      <UniqueIdentifier>{5163ea67-81ac-4404-960e-a0fb632199d2}</UniqueIdentifier>
    </Filter>
    <Filter Include="MulNXiCore\CameraSystem\Projects\Project">
      <UniqueIdentifier>{f8a385c4-d1f2-489a-a417-68f691ebe095}</UniqueIdentifier>
    </Filter>
    <Filter Include="MulNXiCore\CameraSystem\Projects\ProjectManager">
      <UniqueIdentifier>{a19a55df-6ab8-44e9-b421-8d8bed6d9b54}</UniqueIdentifier>
    </Filter>
    <Filter Include="MulNXiCore\IPCer">
      <UniqueIdentifier>{59f47b58-4423-4a80-b2dc-70c58c51c89d}</UniqueIdentifier>
    </Filter>
    <Filter Include="MulNXiCore\KeyTracker">
      <UniqueIdentifier>{dd72e631-67a1-4ea7-a1cf-3d3b47dec2fb}</UniqueIdentifier>
    </Filter>
    <Filter Include="MulNXiCore\VirtualUser">
      <UniqueIdentifier>{ea1bfee1-b10a-4f81-a45f-d6820ecb64c2}</UniqueIdentifier>
    </Filter>
    <Filter Include="MulNXiCore\MessageManager">
      <UniqueIdentifier>{4d085d32-5099-48e8-bf5a-3716742bfae3}</UniqueIdentifier>
    </Filter>
    <Filter Include="MulNXiCore\CSController">
      <UniqueIdentifier>{bf82712b-7873-42c0-93e8-b056a03c8cfe}</UniqueIdentifier>
    </Filter>
    <Filter Include="MulNXiCore\MessageManager\MulNXMessage">
      <UniqueIdentifier>{9a2f7007-583c-4a44-b125-d72a0d0da2b8}</UniqueIdentifier>
    </Filter>
    <Filter Include="MulNXiCore\HookManager">
      <UniqueIdentifier>{500a2c53-8852-4176-851b-a0020fb00c65}</UniqueIdentifier>
    </Filter>
    <Filter Include="MulNXiCore\CameraSystem\Elements\DerivedElements\FirstPersonCameraPath">
      <UniqueIdentifier>{76e2ae10-176c-4537-bbec-2c059515f584}</UniqueIdentifier>
    </Filter>
    <Filter Include="MulNXiCore\CameraSystem\Elements\DerivedElements\LockedCameraPath">
      <UniqueIdentifier>{2cd57ef5-ab74-41b2-a66a-a032d7a12d8c}</UniqueIdentifier>
    </Filter>
    <Filter Include="MulNXiCore\CameraSystem\Elements\ElementManager\ElementDebugger">
      <UniqueIdentifier>{47351ba3-b067-4330-ae7d-ab0c3a5c4561}</UniqueIdentifier>
    </Filter>
    <Filter Include="MulNXiCore\AbstractLayer3D">
      <UniqueIdentifier>{e13a4068-4722-4bf0-8d1d-d0b4e739b143}</UniqueIdentifier>
    </Filter>
    <Filter Include="MulNXiCore\MiniMap">
      <UniqueIdentifier>{c8da0ac4-ff9f-4b72-8689-c7c69beb9fe5}</UniqueIdentifier>
    </Filter>
    <Filter Include="MulNXiCore\ModuleBase">
      <UniqueIdentifier>{db94fb74-e40e-4423-8ded-00b8a7fda7b7}</UniqueIdentifier>
    </Filter>
    <Filter Include="MulNXiCore\Debugger">
      <UniqueIdentifier>{ed2f49c0-0269-4aaa-bea1-6b3871d46927}</UniqueIdentifier>
    </Filter>
    <Filter Include="MulNXiCore\CSController\ConVarSystem">
      <UniqueIdentifier>{eb1abb44-6c30-47b9-8383-6149be7b3b37}</UniqueIdentifier>
    </Filter>
    <Filter Include="MulNXiCore\CSController\vmt">
      <UniqueIdentifier>{f410ffba-0249-4949-b8a2-4f46fd7a66cf}</UniqueIdentifier>
    </Filter>
    <Filter Include="MulNXiCore\GameCfgManager">
      <UniqueIdentifier>{c8879053-aed4-43de-9a0f-92f2c7653d23}</UniqueIdentifier>
    </Filter>
    <Filter Include="MulNXB">
      <UniqueIdentifier>{b013c4db-ced1-4c73-9726-b4d85fb94c8f}</UniqueIdentifier>
    </Filter>
    <Filter Include="MulNXB\Math">
      <UniqueIdentifier>{6c1051c8-d887-4375-80cc-931272dfd5d2}</UniqueIdentifier>
    </Filter>
    <Filter Include="MulNXB\Memory">
      <UniqueIdentifier>{79366eb0-aab1-4db2-9d40-21055f8d4a55}</UniqueIdentifier>
    </Filter>
    <Filter Include="MulNXiCore\CSController\EntityList">
      <UniqueIdentifier>{7b086f12-d436-4498-9cb5-c1efea0414e1}</UniqueIdentifier>
    </Filter>
    <Filter Include="MulNXiCore\CSController\EntityList\Entity">
      <UniqueIdentifier>{acfa93e5-df6f-4cf7-a9ad-8c8b870ac90a}</UniqueIdentifier>
    </Filter>
    <Filter Include="MulNXiCore\CSController\EntityList\Entity\Pawn">
      <UniqueIdentifier>{45d1c088-3052-4d9e-9aa4-483170d0d677}</UniqueIdentifier>
    </Filter>
    <Filter Include="MulNXiCore\CSController\EntityList\Entity\Controller">
      <UniqueIdentifier>{fe85b890-77c8-421b-afdb-c843a196ccad}</UniqueIdentifier>
    </Filter>
    <Filter Include="MulNXiCore\CSController\EntityList\Entity\Pawn\ObserverServices">
      <UniqueIdentifier>{8ae95fa2-aa91-48ac-a749-5959689bb081}</UniqueIdentifier>
    </Filter>
    <Filter Include="MulNXiCore\CSController\EntityList\Entity\Pawn\GameSceneNode">
      <UniqueIdentifier>{9344b232-bb59-4473-85d2-b8d3e2d92980}</UniqueIdentifier>
    </Filter>
    <Filter Include="MulNXiCore\CSController\EntityList\Entity\Pawn\CameraServices">
      <UniqueIdentifier>{3fc93688-77cd-4ede-9221-42134f2a2967}</UniqueIdentifier>
    </Filter>
    <Filter Include="MulNXiCore\CSController\CSGameRules">
      <UniqueIdentifier>{7eca542c-27bd-404b-8283-73d02197e010}</UniqueIdentifier>
    </Filter>
    <Filter Include="MulNXiCore\CSController\GlobalVars">
      <UniqueIdentifier>{d3b1b8b8-41ac-430c-8e62-c7138d18cd47}</UniqueIdentifier>
    </Filter>
    <Filter Include="MulNXiCore\MulNXiGlobalVars">
      <UniqueIdentifier>{876f6a50-5989-4d53-ac5d-f8c7f9d853c8}</UniqueIdentifier>
    </Filter>
    <Filter Include="MulNXiCore\CSController\PlantedC4">
      <UniqueIdentifier>{0af1e19f-e0ff-40b9-8725-289c055157cf}</UniqueIdentifier>
    </Filter>
    <Filter Include="MulNXiCore\CSController\LocalPlayer">
      <UniqueIdentifier>{849d71e7-76ce-46ad-ba1d-788a96ab65a1}</UniqueIdentifier>
    </Filter>
    <Filter Include="MulNXB\HookUtility">
      <UniqueIdentifier>{2c89f977-a89a-4998-bcbe-b553a96dd9ba}</UniqueIdentifier>
    </Filter>
    <Filter Include="MulNXB\WIN32Msg">
      <UniqueIdentifier>{c88091bd-3675-469a-a880-32689881bec8}</UniqueIdentifier>
    </Filter>
    <Filter Include="MulNXB\CameraSystemIO">
      <UniqueIdentifier>{0b149a14-9b3e-4e36-b059-41138acfe777}</UniqueIdentifier>
    </Filter>
    <Filter Include="MulNXiCore\DemoHelper">
      <UniqueIdentifier>{5b660dd9-914d-4669-af1d-b9a53747e21c}</UniqueIdentifier>
    </Filter>
    <Filter Include="MulNXiCore\MulNXUISystem">
      <UniqueIdentifier>{4e48e958-2369-4474-8a9d-165ccc55bb9f}</UniqueIdentifier>
    </Filter>
    <Filter Include="MulNXiCore\MulNXUISystem\MulNXUIContext">
      <UniqueIdentifier>{cd02fa3a-b933-4865-b1a5-8b0bbeb0ca2c}</UniqueIdentifier>
    </Filter>
    <Filter Include="MulNXiCore\MulNXUISystem\MulNXUIContext\MulNXSingleUIContext">
      <UniqueIdentifier>{2019cecd-6ad6-435b-86d2-4578041b9bfd}</UniqueIdentifier>
    </Filter>
    <Filter Include="MulNXiCore\HandleSystem">
      <UniqueIdentifier>{108843b2-5888-47c4-8e32-7b8f1b4b82e0}</UniqueIdentifier>
    </Filter>
    <Filter Include="MulNXB\any_unique_ptr">
      <UniqueIdentifier>{226aabdf-491b-4f3e-adb3-0cdd7364041c}</UniqueIdentifier>
    </Filter>
    <Filter Include="MulNXiCore\MulNXUISystem\MulNXUIContext\MulNXSingleUIContext\Buffer">
      <UniqueIdentifier>{2810b342-9455-42b2-8930-0579c6ad3ba4}</UniqueIdentifier>
    </Filter>
    <Filter Include="MulNXiCore\MessageManager\MessageChannel">
      <UniqueIdentifier>{2779c60e-2d7b-4ee0-89d4-18dc926563db}</UniqueIdentifier>
    </Filter>
  </ItemGroup>
  <ItemGroup>
    <ClInclude Include="ThirdParty\All_cs2_dumper.hpp">
      <Filter>ThirdParty</Filter>
    </ClInclude>
    <ClInclude Include="ThirdParty\All_ImGui.hpp">
      <Filter>ThirdParty</Filter>
    </ClInclude>
    <ClInclude Include="ThirdParty\All_MinHook.hpp">
      <Filter>ThirdParty</Filter>
    </ClInclude>
    <ClInclude Include="ThirdParty\All_pugixml.hpp">
      <Filter>ThirdParty</Filter>
    </ClInclude>
    <ClInclude Include="ThirdParty\cs2_dumper\animationsystem_dll.hpp">
      <Filter>ThirdParty\cs2_dumper</Filter>
    </ClInclude>
    <ClInclude Include="ThirdParty\cs2_dumper\buttons.hpp">
      <Filter>ThirdParty\cs2_dumper</Filter>
    </ClInclude>
    <ClInclude Include="ThirdParty\cs2_dumper\client_dll.hpp">
      <Filter>ThirdParty\cs2_dumper</Filter>
    </ClInclude>
    <ClInclude Include="ThirdParty\cs2_dumper\engine2_dll.hpp">
      <Filter>ThirdParty\cs2_dumper</Filter>
    </ClInclude>
    <ClInclude Include="ThirdParty\cs2_dumper\host_dll.hpp">
      <Filter>ThirdParty\cs2_dumper</Filter>
    </ClInclude>
    <ClInclude Include="ThirdParty\cs2_dumper\interfaces.hpp">
      <Filter>ThirdParty\cs2_dumper</Filter>
    </ClInclude>
    <ClInclude Include="ThirdParty\cs2_dumper\materialsystem2_dll.hpp">
      <Filter>ThirdParty\cs2_dumper</Filter>
    </ClInclude>
    <ClInclude Include="ThirdParty\cs2_dumper\networksystem_dll.hpp">
      <Filter>ThirdParty\cs2_dumper</Filter>
    </ClInclude>
    <ClInclude Include="ThirdParty\cs2_dumper\offsets.hpp">
      <Filter>ThirdParty\cs2_dumper</Filter>
    </ClInclude>
    <ClInclude Include="ThirdParty\cs2_dumper\panorama_dll.hpp">
      <Filter>ThirdParty\cs2_dumper</Filter>
    </ClInclude>
    <ClInclude Include="ThirdParty\cs2_dumper\particles_dll.hpp">
      <Filter>ThirdParty\cs2_dumper</Filter>
    </ClInclude>
    <ClInclude Include="ThirdParty\cs2_dumper\pulse_system_dll.hpp">
      <Filter>ThirdParty\cs2_dumper</Filter>
    </ClInclude>
    <ClInclude Include="ThirdParty\cs2_dumper\rendersystemdx11_dll.hpp">
      <Filter>ThirdParty\cs2_dumper</Filter>
    </ClInclude>
    <ClInclude Include="ThirdParty\cs2_dumper\resourcesystem_dll.hpp">
      <Filter>ThirdParty\cs2_dumper</Filter>
    </ClInclude>
    <ClInclude Include="ThirdParty\cs2_dumper\scenesystem_dll.hpp">
      <Filter>ThirdParty\cs2_dumper</Filter>
    </ClInclude>
    <ClInclude Include="ThirdParty\cs2_dumper\schemasystem_dll.hpp">
      <Filter>ThirdParty\cs2_dumper</Filter>
    </ClInclude>
    <ClInclude Include="ThirdParty\cs2_dumper\server_dll.hpp">
      <Filter>ThirdParty\cs2_dumper</Filter>
    </ClInclude>
    <ClInclude Include="ThirdParty\cs2_dumper\soundsystem_dll.hpp">
      <Filter>ThirdParty\cs2_dumper</Filter>
    </ClInclude>
    <ClInclude Include="ThirdParty\cs2_dumper\steamaudio_dll.hpp">
      <Filter>ThirdParty\cs2_dumper</Filter>
    </ClInclude>
    <ClInclude Include="ThirdParty\cs2_dumper\vphysics2_dll.hpp">
      <Filter>ThirdParty\cs2_dumper</Filter>
    </ClInclude>
    <ClInclude Include="ThirdParty\cs2_dumper\worldrenderer_dll.hpp">
      <Filter>ThirdParty\cs2_dumper</Filter>
    </ClInclude>
    <ClInclude Include="ThirdParty\imgui_d11\imconfig.h">
      <Filter>ThirdParty\imgui_d11</Filter>
    </ClInclude>
    <ClInclude Include="ThirdParty\imgui_d11\imgui.h">
      <Filter>ThirdParty\imgui_d11</Filter>
    </ClInclude>
    <ClInclude Include="ThirdParty\imgui_d11\imgui_impl_dx11.h">
      <Filter>ThirdParty\imgui_d11</Filter>
    </ClInclude>
    <ClInclude Include="ThirdParty\imgui_d11\imgui_impl_win32.h">
      <Filter>ThirdParty\imgui_d11</Filter>
    </ClInclude>
    <ClInclude Include="ThirdParty\imgui_d11\imgui_internal.h">
      <Filter>ThirdParty\imgui_d11</Filter>
    </ClInclude>
    <ClInclude Include="ThirdParty\imgui_d11\imgui_stdlib.h">
      <Filter>ThirdParty\imgui_d11</Filter>
    </ClInclude>
    <ClInclude Include="ThirdParty\imgui_d11\imstb_rectpack.h">
      <Filter>ThirdParty\imgui_d11</Filter>
    </ClInclude>
    <ClInclude Include="ThirdParty\imgui_d11\imstb_textedit.h">
      <Filter>ThirdParty\imgui_d11</Filter>
    </ClInclude>
    <ClInclude Include="ThirdParty\imgui_d11\imstb_truetype.h">
      <Filter>ThirdParty\imgui_d11</Filter>
    </ClInclude>
    <ClInclude Include="ThirdParty\minhook_debug_x64\include\MinHook.h">
      <Filter>ThirdParty\minhook_debug_x64</Filter>
    </ClInclude>
    <ClInclude Include="ThirdParty\pugixml\pugiconfig.hpp">
      <Filter>ThirdParty\pugixml</Filter>
    </ClInclude>
    <ClInclude Include="ThirdParty\pugixml\pugixml.hpp">
      <Filter>ThirdParty\pugixml</Filter>
    </ClInclude>
    <ClInclude Include="MulNXiCore\CameraSystem\Elements\DerivedElements\FreeCameraPath\FreeCameraPath.hpp">
      <Filter>MulNXiCore\CameraSystem\Elements\DerivedElements\FreeCameraPath</Filter>
    </ClInclude>
    <ClInclude Include="MulNXiCore\CameraSystem\Elements\ElementBase\ElementBase.hpp">
      <Filter>MulNXiCore\CameraSystem\Elements\ElementBase</Filter>
    </ClInclude>
    <ClInclude Include="MulNXiCore\CameraSystem\Solutions\Solution\Solution.hpp">
      <Filter>MulNXiCore\CameraSystem\Solutions\Solution</Filter>
    </ClInclude>
    <ClInclude Include="MulNXiCore\CameraSystem\Solutions\SolutionManager\SolutionManager.hpp">
      <Filter>MulNXiCore\CameraSystem\Solutions\SolutionManager</Filter>
    </ClInclude>
    <ClInclude Include="MulNXiCore\CameraSystem\CameraDrawer\CameraDrawer.hpp">
      <Filter>MulNXiCore\CameraSystem\CameraDrawer</Filter>
    </ClInclude>
    <ClInclude Include="MulNXiCore\CameraSystem\Elements\ElementManager\ElementManager.hpp">
      <Filter>MulNXiCore\CameraSystem\Elements\ElementManager</Filter>
    </ClInclude>
    <ClInclude Include="MulNXiCore\CameraSystem\CameraSystem.hpp">
      <Filter>MulNXiCore\CameraSystem</Filter>
    </ClInclude>
    <ClInclude Include="MulNXiCore\CameraSystem\Workspaces\Workspace\Workspace.hpp">
      <Filter>MulNXiCore\CameraSystem\Workspaces\Workspace</Filter>
    </ClInclude>
    <ClInclude Include="MulNXiCore\CameraSystem\Workspaces\WorkspaceManager\WorkspaceManager.hpp">
      <Filter>MulNXiCore\CameraSystem\Workspaces\WorkspaceManager</Filter>
    </ClInclude>
    <ClInclude Include="MulNXiCore\CameraSystem\Projects\Project\Project.hpp">
      <Filter>MulNXiCore\CameraSystem\Projects\Project</Filter>
    </ClInclude>
    <ClInclude Include="MulNXiCore\CameraSystem\Projects\ProjectManager\ProjectManager.hpp">
      <Filter>MulNXiCore\CameraSystem\Projects\ProjectManager</Filter>
    </ClInclude>
    <ClInclude Include="MulNXiCore\CameraSystem\Solutions\SolutionManager\SolutionConfig.hpp">
      <Filter>MulNXiCore\CameraSystem\Solutions\SolutionManager</Filter>
    </ClInclude>
    <ClInclude Include="MulNXiCore\CameraSystem\Projects\ProjectManager\ProjectConfig.hpp">
      <Filter>MulNXiCore\CameraSystem\Projects\ProjectManager</Filter>
    </ClInclude>
    <ClInclude Include="MulNXiCore\CameraSystem\Elements\ElementManager\ElementConfig.hpp">
      <Filter>MulNXiCore\CameraSystem\Elements\ElementManager</Filter>
    </ClInclude>
    <ClInclude Include="MulNXiCore\IPCer\IPCer.hpp">
      <Filter>MulNXiCore\IPCer</Filter>
    </ClInclude>
    <ClInclude Include="MulNXiCore\MulNXiCore.hpp">
      <Filter>MulNXiCore</Filter>
    </ClInclude>
    <ClInclude Include="MulNXiCore\GameSettingsManager\GameSettingsManager.hpp">
      <Filter>MulNXiCore\GameSettingsManager</Filter>
    </ClInclude>
    <ClInclude Include="MulNXiCore\ConsoleManager\ConsoleManager.hpp">
      <Filter>MulNXiCore\ConsoleManager</Filter>
    </ClInclude>
    <ClInclude Include="MulNXiCore\KeyTracker\KeyTracker.hpp">
      <Filter>MulNXiCore\KeyTracker</Filter>
    </ClInclude>
    <ClInclude Include="MulNXiCore\VirtualUser\VirtualUser.hpp">
      <Filter>MulNXiCore\VirtualUser</Filter>
    </ClInclude>
    <ClInclude Include="MulNXiCore\CameraSystem\ICameraSystem.hpp">
      <Filter>MulNXiCore\CameraSystem</Filter>
    </ClInclude>
    <ClInclude Include="MulNXiCore\MessageManager\IMessageManager.hpp">
      <Filter>MulNXiCore\MessageManager</Filter>
    </ClInclude>
    <ClInclude Include="MulNXiCore\MessageManager\MessageManager.hpp">
      <Filter>MulNXiCore\MessageManager</Filter>
    </ClInclude>
    <ClInclude Include="MulNXiCore\CSController\CSController.hpp">
      <Filter>MulNXiCore\CSController</Filter>
    </ClInclude>
    <ClInclude Include="MulNXiCore\MessageManager\MulNXMessage\MulNXMessage.hpp">
      <Filter>MulNXiCore\MessageManager\MulNXMessage</Filter>
    </ClInclude>
    <ClInclude Include="MulNXiCore\HookManager\HookManager.hpp">
      <Filter>MulNXiCore\HookManager</Filter>
    </ClInclude>
    <ClInclude Include="MulNXiCore\CameraSystem\Elements\DerivedElements\FirstPersonCameraPath\FirstPersonCameraPath.hpp">
      <Filter>MulNXiCore\CameraSystem\Elements\DerivedElements\FirstPersonCameraPath</Filter>
    </ClInclude>
    <ClInclude Include="MulNXiCore\CameraSystem\Elements\DerivedElements\LockedCameraPath\LockedCameraPath.hpp">
      <Filter>MulNXiCore\CameraSystem\Elements\DerivedElements\LockedCameraPath</Filter>
    </ClInclude>
    <ClInclude Include="MulNXiCore\CameraSystem\Elements\Elements.hpp">
      <Filter>MulNXiCore\CameraSystem\Elements</Filter>
    </ClInclude>
    <ClInclude Include="MulNXiCore\CameraSystem\Elements\ElementManager\ElementDebugger\ElementDebugger.hpp">
      <Filter>MulNXiCore\CameraSystem\Elements\ElementManager\ElementDebugger</Filter>
    </ClInclude>
    <ClInclude Include="MulNXiCore\AbstractLayer3D\AbstractLayer3D.hpp">
      <Filter>MulNXiCore\AbstractLayer3D</Filter>
    </ClInclude>
    <ClInclude Include="MulNXiCore\AbstractLayer3D\IAbstractLayer3D.hpp">
      <Filter>MulNXiCore\AbstractLayer3D</Filter>
    </ClInclude>
    <ClInclude Include="MulNXiCore\MiniMap\MiniMap.hpp">
      <Filter>MulNXiCore\MiniMap</Filter>
    </ClInclude>
    <ClInclude Include="MulNXiCore\ModuleBase\ModuleBase.hpp">
      <Filter>MulNXiCore\ModuleBase</Filter>
    </ClInclude>
    <ClInclude Include="MulNXiCore\Debugger\Debugger.hpp">
      <Filter>MulNXiCore\Debugger</Filter>
    </ClInclude>
    <ClInclude Include="MulNXiCore\Debugger\IDebugger.hpp">
      <Filter>MulNXiCore\Debugger</Filter>
    </ClInclude>
    <ClInclude Include="MulNXiCore\CSController\ConVarSystem\ConVarSystem.hpp">
      <Filter>MulNXiCore\CSController\ConVarSystem</Filter>
    </ClInclude>
    <ClInclude Include="MulNXiCore\CSController\vmt\vmt.hpp">
      <Filter>MulNXiCore\CSController\vmt</Filter>
    </ClInclude>
    <ClInclude Include="MulNXiCore\GameCfgManager\GameCfgManager.hpp">
      <Filter>MulNXiCore\GameCfgManager</Filter>
    </ClInclude>
    <ClInclude Include="MulNXB\MulNXB.hpp">
      <Filter>MulNXB</Filter>
    </ClInclude>
    <ClInclude Include="MulNXB\Math\Math.hpp">
      <Filter>MulNXB\Math</Filter>
    </ClInclude>
    <ClInclude Include="MulNXB\Memory\Memory.hpp">
      <Filter>MulNXB\Memory</Filter>
    </ClInclude>
    <ClInclude Include="MulNXiCore\CSController\EntityList\EntityList.hpp">
      <Filter>MulNXiCore\CSController\EntityList</Filter>
    </ClInclude>
    <ClInclude Include="MulNXiCore\CSController\EntityList\Entity\Entity.hpp">
      <Filter>MulNXiCore\CSController\EntityList\Entity</Filter>
    </ClInclude>
    <ClInclude Include="MulNXiCore\CSController\EntityList\Entity\Pawn\Pawn.hpp">
      <Filter>MulNXiCore\CSController\EntityList\Entity\Pawn</Filter>
    </ClInclude>
    <ClInclude Include="MulNXiCore\CSController\EntityList\Entity\Controller\Controller.hpp">
      <Filter>MulNXiCore\CSController\EntityList\Entity\Controller</Filter>
    </ClInclude>
    <ClInclude Include="MulNXiCore\CSController\EntityList\Entity\Pawn\CameraServices\CameraServices.hpp">
      <Filter>MulNXiCore\CSController\EntityList\Entity\Pawn\CameraServices</Filter>
    </ClInclude>
    <ClInclude Include="MulNXiCore\CSController\EntityList\Entity\Pawn\GameSceneNode\GameSceneNode.hpp">
      <Filter>MulNXiCore\CSController\EntityList\Entity\Pawn\GameSceneNode</Filter>
    </ClInclude>
    <ClInclude Include="MulNXiCore\CSController\EntityList\Entity\Pawn\ObserverServices\ObserverServices.hpp">
      <Filter>MulNXiCore\CSController\EntityList\Entity\Pawn\ObserverServices</Filter>
    </ClInclude>
    <ClInclude Include="MulNXiCore\CSController\CSGameRules\CSGameRules.hpp">
      <Filter>MulNXiCore\CSController\CSGameRules</Filter>
    </ClInclude>
    <ClInclude Include="MulNXiCore\CSController\GlobalVars\GlobalVars.hpp">
      <Filter>MulNXiCore\CSController\GlobalVars</Filter>
    </ClInclude>
    <ClInclude Include="MulNXiCore\MulNXiGlobalVars\MulNXiGlobalVars.hpp">
      <Filter>MulNXiCore\MulNXiGlobalVars</Filter>
    </ClInclude>
    <ClInclude Include="MulNXiCore\CSController\PlantedC4\PlantedC4.hpp">
      <Filter>MulNXiCore\CSController\PlantedC4</Filter>
    </ClInclude>
    <ClInclude Include="MulNXiCore\CSController\LocalPlayer\LocalPlayer.hpp">
      <Filter>MulNXiCore\CSController\LocalPlayer</Filter>
    </ClInclude>
    <ClInclude Include="MulNXB\HookUtility\HookUtility.hpp">
      <Filter>MulNXB\HookUtility</Filter>
    </ClInclude>
    <ClInclude Include="MulNXB\WIN32Msg\WIN32Msg.hpp">
      <Filter>MulNXB\WIN32Msg</Filter>
    </ClInclude>
    <ClInclude Include="MulNXB\CameraSystemIO\CameraSystemIO.hpp">
      <Filter>MulNXB\CameraSystemIO</Filter>
    </ClInclude>
    <ClInclude Include="MulNXiCore\DemoHelper\DemoHelper.hpp">
      <Filter>MulNXiCore\DemoHelper</Filter>
    </ClInclude>
    <ClInclude Include="MulNXiCore\MulNXUISystem\MulNXUISystem.hpp">
      <Filter>MulNXiCore\MulNXUISystem</Filter>
    </ClInclude>
    <ClInclude Include="MulNXiCore\MulNXUISystem\IMulNXUISystem.hpp">
      <Filter>MulNXiCore\MulNXUISystem</Filter>
    </ClInclude>
    <ClInclude Include="MulNXiCore\MulNXUISystem\MulNXUIContext\MulNXUIContext.hpp">
      <Filter>MulNXiCore\MulNXUISystem\MulNXUIContext</Filter>
    </ClInclude>
    <ClInclude Include="MulNXiCore\MulNXUISystem\MulNXUIContext\MulNXSingleUIContext\MulNXSingleUIContext.hpp">
      <Filter>MulNXiCore\MulNXUISystem\MulNXUIContext\MulNXSingleUIContext</Filter>
    </ClInclude>
    <ClInclude Include="MulNXiCore\MulNXiGlobalVars\MulNXiGlobalVarsOnlyRead.hpp">
      <Filter>MulNXiCore\MulNXiGlobalVars</Filter>
    </ClInclude>
    <ClInclude Include="MulNXiCore\HandleSystem\HandleSystem.hpp">
      <Filter>MulNXiCore\HandleSystem</Filter>
    </ClInclude>
    <ClInclude Include="MulNXB\any_unique_ptr\any_unique_ptr.hpp">
      <Filter>MulNXB\any_unique_ptr</Filter>
    </ClInclude>
    <ClInclude Include="MulNXiCore\MulNXUISystem\MulNXUIContext\MulNXSingleUIContext\Buffer\Buffer.hpp">
      <Filter>MulNXiCore\MulNXUISystem\MulNXUIContext\MulNXSingleUIContext\Buffer</Filter>
    </ClInclude>
    <ClInclude Include="MulNXiCore\MessageManager\MessageChannel\IMessageChannel.hpp">
      <Filter>MulNXiCore\MessageManager\MessageChannel</Filter>
    </ClInclude>
    <ClInclude Include="MulNXiCore\MessageManager\MessageChannel\MessageChannel.hpp">
      <Filter>MulNXiCore\MessageManager\MessageChannel</Filter>
    </ClInclude>
  </ItemGroup>
  <ItemGroup>
    <ClCompile Include="MulNXiCore\CameraSystem\CameraDrawer\CameraDrawer.cpp">
      <Filter>MulNXiCore\CameraSystem\CameraDrawer</Filter>
    </ClCompile>
    <ClCompile Include="MulNXiCore\CameraSystem\Elements\ElementBase\ElementBase.cpp">
      <Filter>MulNXiCore\CameraSystem\Elements\ElementBase</Filter>
    </ClCompile>
    <ClCompile Include="MulNXiCore\CameraSystem\Solutions\Solution\Solution.cpp">
      <Filter>MulNXiCore\CameraSystem\Solutions\Solution</Filter>
    </ClCompile>
    <ClCompile Include="MulNXiCore\ConsoleManager\ConsoleManager.cpp">
      <Filter>MulNXiCore\ConsoleManager</Filter>
    </ClCompile>
    <ClCompile Include="MulNXiCore\GameSettingsManager\GameSettingsManager.cpp">
      <Filter>MulNXiCore\GameSettingsManager</Filter>
    </ClCompile>
    <ClCompile Include="DllMain\DllMain.cpp">
      <Filter>DllMain</Filter>
    </ClCompile>
    <ClCompile Include="ThirdParty\imgui_d11\imgui.cpp">
      <Filter>ThirdParty\imgui_d11</Filter>
    </ClCompile>
    <ClCompile Include="ThirdParty\imgui_d11\imgui_draw.cpp">
      <Filter>ThirdParty\imgui_d11</Filter>
    </ClCompile>
    <ClCompile Include="ThirdParty\imgui_d11\imgui_impl_dx11.cpp">
      <Filter>ThirdParty\imgui_d11</Filter>
    </ClCompile>
    <ClCompile Include="ThirdParty\imgui_d11\imgui_impl_win32.cpp">
      <Filter>ThirdParty\imgui_d11</Filter>
    </ClCompile>
    <ClCompile Include="ThirdParty\imgui_d11\imgui_stdlib.cpp">
      <Filter>ThirdParty\imgui_d11</Filter>
    </ClCompile>
    <ClCompile Include="ThirdParty\imgui_d11\imgui_tables.cpp">
      <Filter>ThirdParty\imgui_d11</Filter>
    </ClCompile>
    <ClCompile Include="ThirdParty\imgui_d11\imgui_widgets.cpp">
      <Filter>ThirdParty\imgui_d11</Filter>
    </ClCompile>
    <ClCompile Include="ThirdParty\pugixml\pugixml.cpp">
      <Filter>ThirdParty\pugixml</Filter>
    </ClCompile>
    <ClCompile Include="MulNXiCore\MulNXiCore.cpp">
      <Filter>MulNXiCore</Filter>
    </ClCompile>
    <ClCompile Include="MulNXiCore\CameraSystem\Elements\DerivedElements\FreeCameraPath\FreeCameraPath.cpp">
      <Filter>MulNXiCore\CameraSystem\Elements\DerivedElements\FreeCameraPath</Filter>
    </ClCompile>
    <ClCompile Include="MulNXiCore\CameraSystem\Solutions\SolutionManager\SolutionManager.cpp">
      <Filter>MulNXiCore\CameraSystem\Solutions\SolutionManager</Filter>
    </ClCompile>
    <ClCompile Include="MulNXiCore\CameraSystem\Elements\ElementManager\ElementManager.cpp">
      <Filter>MulNXiCore\CameraSystem\Elements\ElementManager</Filter>
    </ClCompile>
    <ClCompile Include="MulNXiCore\CameraSystem\CameraSystem.cpp">
      <Filter>MulNXiCore\CameraSystem</Filter>
    </ClCompile>
    <ClCompile Include="MulNXiCore\CameraSystem\Workspaces\Workspace\Workspace.cpp">
      <Filter>MulNXiCore\CameraSystem\Workspaces\Workspace</Filter>
    </ClCompile>
    <ClCompile Include="MulNXiCore\CameraSystem\Workspaces\WorkspaceManager\WorkspaceManager.cpp">
      <Filter>MulNXiCore\CameraSystem\Workspaces\WorkspaceManager</Filter>
    </ClCompile>
    <ClCompile Include="MulNXiCore\CameraSystem\Projects\Project\Project.cpp">
      <Filter>MulNXiCore\CameraSystem\Projects\Project</Filter>
    </ClCompile>
    <ClCompile Include="MulNXiCore\CameraSystem\Projects\ProjectManager\ProjectManager.cpp">
      <Filter>MulNXiCore\CameraSystem\Projects\ProjectManager</Filter>
    </ClCompile>
    <ClCompile Include="MulNXiCore\IPCer\IPCer.cpp">
      <Filter>MulNXiCore\IPCer</Filter>
    </ClCompile>
    <ClCompile Include="MulNXiCore\KeyTracker\KeyTracker.cpp">
      <Filter>MulNXiCore\KeyTracker</Filter>
    </ClCompile>
    <ClCompile Include="MulNXiCore\VirtualUser\VirtualUser.cpp">
      <Filter>MulNXiCore\VirtualUser</Filter>
    </ClCompile>
    <ClCompile Include="MulNXiCore\MessageManager\MessageManager.cpp">
      <Filter>MulNXiCore\MessageManager</Filter>
    </ClCompile>
    <ClCompile Include="MulNXiCore\CSController\CSController.cpp">
      <Filter>MulNXiCore\CSController</Filter>
    </ClCompile>
    <ClCompile Include="MulNXiCore\MessageManager\MulNXMessage\MulNXMessage.cpp">
      <Filter>MulNXiCore\MessageManager\MulNXMessage</Filter>
    </ClCompile>
    <ClCompile Include="MulNXiCore\HookManager\HookManager.cpp">
      <Filter>MulNXiCore\HookManager</Filter>
    </ClCompile>
    <ClCompile Include="MulNXiCore\CameraSystem\Elements\DerivedElements\FirstPersonCameraPath\FirstPersonCameraPath.cpp">
      <Filter>MulNXiCore\CameraSystem\Elements\DerivedElements\FirstPersonCameraPath</Filter>
    </ClCompile>
    <ClCompile Include="MulNXiCore\CameraSystem\Elements\DerivedElements\LockedCameraPath\LockedCameraPath.cpp">
      <Filter>MulNXiCore\CameraSystem\Elements\DerivedElements\LockedCameraPath</Filter>
    </ClCompile>
    <ClCompile Include="MulNXiCore\CameraSystem\Elements\ElementManager\ElementDebugger\ElementDebugger.cpp">
      <Filter>MulNXiCore\CameraSystem\Elements\ElementManager\ElementDebugger</Filter>
    </ClCompile>
    <ClCompile Include="MulNXiCore\AbstractLayer3D\AbstractLayer3D.cpp">
      <Filter>MulNXiCore\AbstractLayer3D</Filter>
    </ClCompile>
    <ClCompile Include="MulNXiCore\MiniMap\MiniMap.cpp">
      <Filter>MulNXiCore\MiniMap</Filter>
    </ClCompile>
    <ClCompile Include="MulNXiCore\ModuleBase\ModuleBase.cpp">
      <Filter>MulNXiCore\ModuleBase</Filter>
    </ClCompile>
    <ClCompile Include="MulNXiCore\Debugger\Debugger.cpp">
      <Filter>MulNXiCore\Debugger</Filter>
    </ClCompile>
    <ClCompile Include="MulNXiCore\CSController\ConVarSystem\ConVarSystem.cpp">
      <Filter>MulNXiCore\CSController\ConVarSystem</Filter>
    </ClCompile>
    <ClCompile Include="MulNXiCore\GameCfgManager\GameCfgManager.cpp">
      <Filter>MulNXiCore\GameCfgManager</Filter>
    </ClCompile>
    <ClCompile Include="MulNXB\MulNXB.cpp">
      <Filter>MulNXB</Filter>
    </ClCompile>
    <ClCompile Include="MulNXB\Math\Math.cpp">
      <Filter>MulNXB\Math</Filter>
    </ClCompile>
    <ClCompile Include="MulNXB\Memory\Memory.cpp">
      <Filter>MulNXB\Memory</Filter>
    </ClCompile>
    <ClCompile Include="MulNXiCore\CSController\EntityList\EntityList.cpp">
      <Filter>MulNXiCore\CSController\EntityList</Filter>
    </ClCompile>
    <ClCompile Include="MulNXiCore\CSController\EntityList\Entity\Entity.cpp">
      <Filter>MulNXiCore\CSController\EntityList\Entity</Filter>
    </ClCompile>
    <ClCompile Include="MulNXiCore\CSController\EntityList\Entity\Pawn\Pawn.cpp">
      <Filter>MulNXiCore\CSController\EntityList\Entity\Pawn</Filter>
    </ClCompile>
    <ClCompile Include="MulNXiCore\CSController\EntityList\Entity\Controller\Controller.cpp">
      <Filter>MulNXiCore\CSController\EntityList\Entity\Controller</Filter>
    </ClCompile>
    <ClCompile Include="MulNXiCore\CSController\EntityList\Entity\Pawn\CameraServices\CameraServices.cpp">
      <Filter>MulNXiCore\CSController\EntityList\Entity\Pawn\CameraServices</Filter>
    </ClCompile>
    <ClCompile Include="MulNXiCore\CSController\EntityList\Entity\Pawn\GameSceneNode\GameSceneNode.cpp">
      <Filter>MulNXiCore\CSController\EntityList\Entity\Pawn\GameSceneNode</Filter>
    </ClCompile>
    <ClCompile Include="MulNXiCore\CSController\EntityList\Entity\Pawn\ObserverServices\ObserverServices.cpp">
      <Filter>MulNXiCore\CSController\EntityList\Entity\Pawn\ObserverServices</Filter>
    </ClCompile>
    <ClCompile Include="MulNXiCore\CSController\CSGameRules\CSGameRules.cpp">
      <Filter>MulNXiCore\CSController\CSGameRules</Filter>
    </ClCompile>
    <ClCompile Include="MulNXiCore\CSController\GlobalVars\GlobalVars.cpp">
      <Filter>MulNXiCore\CSController\GlobalVars</Filter>
    </ClCompile>
    <ClCompile Include="MulNXiCore\CSController\PlantedC4\PlantedC4.cpp">
      <Filter>MulNXiCore\CSController\PlantedC4</Filter>
    </ClCompile>
    <ClCompile Include="MulNXiCore\CSController\LocalPlayer\LocalPlayer.cpp">
      <Filter>MulNXiCore\CSController\LocalPlayer</Filter>
    </ClCompile>
    <ClCompile Include="MulNXB\HookUtility\HookUtility.cpp">
      <Filter>MulNXB\HookUtility</Filter>
    </ClCompile>
    <ClCompile Include="MulNXB\WIN32Msg\WIN32Msg.cpp">
      <Filter>MulNXB\WIN32Msg</Filter>
    </ClCompile>
    <ClCompile Include="MulNXB\CameraSystemIO\CameraSystemIO.cpp">
      <Filter>MulNXB\CameraSystemIO</Filter>
    </ClCompile>
    <ClCompile Include="MulNXiCore\MulNXiGlobalVars\MulNXiGlobalVars.cpp">
      <Filter>MulNXiCore\MulNXiGlobalVars</Filter>
    </ClCompile>
    <ClCompile Include="MulNXiCore\DemoHelper\DemoHelper.cpp">
      <Filter>MulNXiCore\DemoHelper</Filter>
    </ClCompile>
    <ClCompile Include="MulNXiCore\MulNXUISystem\MulNXUISystem.cpp">
      <Filter>MulNXiCore\MulNXUISystem</Filter>
    </ClCompile>
    <ClCompile Include="MulNXiCore\MulNXUISystem\MulNXUIContext\MulNXUIContext.cpp">
      <Filter>MulNXiCore\MulNXUISystem\MulNXUIContext</Filter>
    </ClCompile>
    <ClCompile Include="MulNXiCore\MulNXUISystem\MulNXUIContext\MulNXSingleUIContext\MulNXSingleUIContext.cpp">
      <Filter>MulNXiCore\MulNXUISystem\MulNXUIContext\MulNXSingleUIContext</Filter>
    </ClCompile>
    <ClCompile Include="MulNXiCore\HandleSystem\HandleSystem.cpp">
      <Filter>MulNXiCore\HandleSystem</Filter>
    </ClCompile>
    <ClCompile Include="MulNXiCore\MulNXUISystem\MulNXUIContext\MulNXSingleUIContext\Buffer\Buffer.cpp">
      <Filter>MulNXiCore\MulNXUISystem\MulNXUIContext\MulNXSingleUIContext\Buffer</Filter>
    </ClCompile>
    <ClCompile Include="MulNXiCore\MessageManager\MessageChannel\MessageChannel.cpp">
      <Filter>MulNXiCore\MessageManager\MessageChannel</Filter>
    </ClCompile>
  </ItemGroup>
  <ItemGroup>
    <Library Include="ThirdParty\minhook_debug_x64\lib\minhook.x64d.lib">
      <Filter>ThirdParty\minhook_debug_x64</Filter>
    </Library>
  </ItemGroup>
  <ItemGroup>
    <Xml Include="ProjectTemplate.xml">
      <Filter>MulNXiCore\CameraSystem\Projects\Project</Filter>
    </Xml>
  </ItemGroup>
</Project>