<?xml version="1.0" encoding="utf-8"?>
<Project ToolsVersion="4.0" xmlns="http://schemas.microsoft.com/developer/msbuild/2003">
  <ItemGroup>
    <Filter Include="ThirdParty">
      <UniqueIdentifier>{05774525-b342-4d8d-a8a6-2aa95046cb6b}</UniqueIdentifier>
    </Filter>
    <Filter Include="ThirdParty\cs2_dumper">
      <UniqueIdentifier>{13f7dc69-f0ba-4900-98d3-4978e006e6df}</UniqueIdentifier>
    </Filter>
    <Filter Include="ThirdParty\imgui_d11">
      <UniqueIdentifier>{23a5d36a-a651-4faa-b9dd-f68270c225f9}</UniqueIdentifier>
    </Filter>
    <Filter Include="ThirdParty\minhook_debug_x64">
      <UniqueIdentifier>{773a05e6-8521-4730-8f7c-3268407074b6}</UniqueIdentifier>
    </Filter>
    <Filter Include="ThirdParty\pugixml">
      <UniqueIdentifier>{2a820d80-c3b5-465e-b2e2-ed85093c0bf7}</UniqueIdentifier>
    </Filter>
    <Filter Include="MulNX">
      <UniqueIdentifier>{a2403015-f686-44c4-aa24-3d29343af447}</UniqueIdentifier>
    </Filter>
    <Filter Include="MulNX\Base">
      <UniqueIdentifier>{b013c4db-ced1-4c73-9726-b4d85fb94c8f}</UniqueIdentifier>
    </Filter>
    <Filter Include="MulNX\Base\Math">
      <UniqueIdentifier>{6c1051c8-d887-4375-80cc-931272dfd5d2}</UniqueIdentifier>
    </Filter>
    <Filter Include="MulNX\Base\Memory">
      <UniqueIdentifier>{79366eb0-aab1-4db2-9d40-21055f8d4a55}</UniqueIdentifier>
    </Filter>
    <Filter Include="MulNX\Base\HookUtility">
      <UniqueIdentifier>{2c89f977-a89a-4998-bcbe-b553a96dd9ba}</UniqueIdentifier>
    </Filter>
    <Filter Include="MulNX\Base\WIN32Msg">
      <UniqueIdentifier>{c88091bd-3675-469a-a880-32689881bec8}</UniqueIdentifier>
    </Filter>
    <Filter Include="MulNX\Core">
      <UniqueIdentifier>{4ed67fb1-70c4-4acb-bf8d-f980abb46b45}</UniqueIdentifier>
    </Filter>
    <Filter Include="MulNX\Core\ModuleBase">
      <UniqueIdentifier>{db94fb74-e40e-4423-8ded-00b8a7fda7b7}</UniqueIdentifier>
    </Filter>
    <Filter Include="MulNX\Systems">
      <UniqueIdentifier>{795fbee3-2832-48f2-abb7-54da3439c650}</UniqueIdentifier>
    </Filter>
    <Filter Include="MulNX\Extensions">
      <UniqueIdentifier>{ba8df3b6-aba4-486f-9409-2b750f81634b}</UniqueIdentifier>
    </Filter>
    <Filter Include="MulNX\Systems\Debugger">
      <UniqueIdentifier>{ed2f49c0-0269-4aaa-bea1-6b3871d46927}</UniqueIdentifier>
    </Filter>
    <Filter Include="MulNX\Systems\HandleSystem">
      <UniqueIdentifier>{108843b2-5888-47c4-8e32-7b8f1b4b82e0}</UniqueIdentifier>
    </Filter>
    <Filter Include="MulNX\Systems\KeyTracker">
      <UniqueIdentifier>{dd72e631-67a1-4ea7-a1cf-3d3b47dec2fb}</UniqueIdentifier>
    </Filter>
    <Filter Include="MulNX\Systems\MulNXiGlobalVars">
      <UniqueIdentifier>{876f6a50-5989-4d53-ac5d-f8c7f9d853c8}</UniqueIdentifier>
    </Filter>
    <Filter Include="MulNX\Systems\MessageManager">
      <UniqueIdentifier>{4d085d32-5099-48e8-bf5a-3716742bfae3}</UniqueIdentifier>
    </Filter>
    <Filter Include="MulNX\Systems\MessageManager\MulNXMessage">
      <UniqueIdentifier>{9a2f7007-583c-4a44-b125-d72a0d0da2b8}</UniqueIdentifier>
    </Filter>
    <Filter Include="MulNX\Systems\MessageManager\MessageChannel">
      <UniqueIdentifier>{2779c60e-2d7b-4ee0-89d4-18dc926563db}</UniqueIdentifier>
    </Filter>
    <Filter Include="MulNX\Systems\MulNXUISystem">
      <UniqueIdentifier>{4e48e958-2369-4474-8a9d-165ccc55bb9f}</UniqueIdentifier>
    </Filter>
    <Filter Include="MulNX\Systems\MulNXUISystem\MulNXUIContext">
      <UniqueIdentifier>{cd02fa3a-b933-4865-b1a5-8b0bbeb0ca2c}</UniqueIdentifier>
    </Filter>
    <Filter Include="MulNX\Systems\MulNXUISystem\MulNXUIContext\MulNXSingleUIContext">
      <UniqueIdentifier>{2019cecd-6ad6-435b-86d2-4578041b9bfd}</UniqueIdentifier>
    </Filter>
    <Filter Include="MulNX\Systems\IPCer">
      <UniqueIdentifier>{59f47b58-4423-4a80-b2dc-70c58c51c89d}</UniqueIdentifier>
    </Filter>
    <Filter Include="MulNX\Extensions\CameraSystem">
      <UniqueIdentifier>{cfbe8ac3-565f-4a45-b2c1-e98e7059a50b}</UniqueIdentifier>
    </Filter>
    <Filter Include="MulNX\Extensions\CameraSystem\CameraDrawer">
      <UniqueIdentifier>{1481806f-8093-4da7-8bbf-3a36d4eb8210}</UniqueIdentifier>
    </Filter>
    <Filter Include="MulNX\Extensions\CameraSystem\CameraSystemIO">
      <UniqueIdentifier>{0b149a14-9b3e-4e36-b059-41138acfe777}</UniqueIdentifier>
    </Filter>
    <Filter Include="MulNX\Extensions\CameraSystem\Element">
      <UniqueIdentifier>{cab6f0e0-cbcb-45f9-855e-16f2ca923d58}</UniqueIdentifier>
    </Filter>
    <Filter Include="MulNX\Extensions\CameraSystem\Element\ElementBase">
      <UniqueIdentifier>{1ed65770-5e72-488a-8e56-576ec550042b}</UniqueIdentifier>
    </Filter>
    <Filter Include="MulNX\Extensions\CameraSystem\Element\ElementManager">
      <UniqueIdentifier>{cba379d4-58b1-4f3d-b8e0-5f555a8e8d18}</UniqueIdentifier>
    </Filter>
    <Filter Include="MulNX\Extensions\CameraSystem\Element\ElementManager\ElementDebugger">
      <UniqueIdentifier>{47351ba3-b067-4330-ae7d-ab0c3a5c4561}</UniqueIdentifier>
    </Filter>
    <Filter Include="MulNX\Extensions\CameraSystem\Element\Elements">
      <UniqueIdentifier>{ff4cd5b6-6cdd-4743-9318-2dc7066b7e1c}</UniqueIdentifier>
    </Filter>
    <Filter Include="MulNX\Extensions\CameraSystem\Element\Elements\FreeCameraPath">
      <UniqueIdentifier>{cb585c99-921c-4238-b6ba-98ec42b4f26f}</UniqueIdentifier>
    </Filter>
    <Filter Include="MulNX\Extensions\CameraSystem\Element\Elements\FirstPersonCameraPath">
      <UniqueIdentifier>{76e2ae10-176c-4537-bbec-2c059515f584}</UniqueIdentifier>
    </Filter>
    <Filter Include="MulNX\Extensions\CameraSystem\Element\Elements\LockedCameraPath">
      <UniqueIdentifier>{2cd57ef5-ab74-41b2-a66a-a032d7a12d8c}</UniqueIdentifier>
    </Filter>
    <Filter Include="MulNX\Extensions\AbstractLayer3D">
      <UniqueIdentifier>{e13a4068-4722-4bf0-8d1d-d0b4e739b143}</UniqueIdentifier>
    </Filter>
    <Filter Include="MulNX\Extensions\MiniMap">
      <UniqueIdentifier>{c8da0ac4-ff9f-4b72-8689-c7c69beb9fe5}</UniqueIdentifier>
    </Filter>
    <Filter Include="MulNX\Extensions\VirtualUser">
      <UniqueIdentifier>{ea1bfee1-b10a-4f81-a45f-d6820ecb64c2}</UniqueIdentifier>
    </Filter>
    <Filter Include="MulNX\Extensions\CS2">
      <UniqueIdentifier>{bd391bd9-2986-49b6-909b-c95d1bda92a1}</UniqueIdentifier>
    </Filter>
    <Filter Include="MulNX\Extensions\CS2\ConsoleManager">
      <UniqueIdentifier>{d1ef420e-62c3-41ef-ba1b-1866b4785734}</UniqueIdentifier>
    </Filter>
    <Filter Include="MulNX\Extensions\CS2\CSController">
      <UniqueIdentifier>{bf82712b-7873-42c0-93e8-b056a03c8cfe}</UniqueIdentifier>
    </Filter>
    <Filter Include="MulNX\Extensions\CS2\CSController\ConVarSystem">
      <UniqueIdentifier>{eb1abb44-6c30-47b9-8383-6149be7b3b37}</UniqueIdentifier>
    </Filter>
    <Filter Include="MulNX\Extensions\CS2\CSController\EntityList">
      <UniqueIdentifier>{7b086f12-d436-4498-9cb5-c1efea0414e1}</UniqueIdentifier>
    </Filter>
    <Filter Include="MulNX\Extensions\CS2\CSController\EntityList\Entity">
      <UniqueIdentifier>{acfa93e5-df6f-4cf7-a9ad-8c8b870ac90a}</UniqueIdentifier>
    </Filter>
    <Filter Include="MulNX\Extensions\CS2\CSController\EntityList\Entity\Pawn">
      <UniqueIdentifier>{45d1c088-3052-4d9e-9aa4-483170d0d677}</UniqueIdentifier>
    </Filter>
    <Filter Include="MulNX\Extensions\CS2\CSController\EntityList\Entity\Pawn\ObserverServices">
      <UniqueIdentifier>{8ae95fa2-aa91-48ac-a749-5959689bb081}</UniqueIdentifier>
    </Filter>
    <Filter Include="MulNX\Extensions\CS2\CSController\EntityList\Entity\Pawn\GameSceneNode">
      <UniqueIdentifier>{9344b232-bb59-4473-85d2-b8d3e2d92980}</UniqueIdentifier>
    </Filter>
    <Filter Include="MulNX\Extensions\CS2\CSController\EntityList\Entity\Pawn\CameraServices">
      <UniqueIdentifier>{3fc93688-77cd-4ede-9221-42134f2a2967}</UniqueIdentifier>
    </Filter>
    <Filter Include="MulNX\Extensions\CS2\CSController\EntityList\Entity\Controller">
      <UniqueIdentifier>{fe85b890-77c8-421b-afdb-c843a196ccad}</UniqueIdentifier>
    </Filter>
    <Filter Include="MulNX\Extensions\CS2\CSController\CSGameRules">
      <UniqueIdentifier>{7eca542c-27bd-404b-8283-73d02197e010}</UniqueIdentifier>
    </Filter>
    <Filter Include="MulNX\Extensions\CS2\CSController\GlobalVars">
      <UniqueIdentifier>{d3b1b8b8-41ac-430c-8e62-c7138d18cd47}</UniqueIdentifier>
    </Filter>
    <Filter Include="MulNX\Extensions\CS2\CSController\PlantedC4">
      <UniqueIdentifier>{0af1e19f-e0ff-40b9-8725-289c055157cf}</UniqueIdentifier>
    </Filter>
    <Filter Include="MulNX\Extensions\CS2\CSController\LocalPlayer">
      <UniqueIdentifier>{849d71e7-76ce-46ad-ba1d-788a96ab65a1}</UniqueIdentifier>
    </Filter>
    <Filter Include="MulNX\Extensions\CS2\DemoHelper">
      <UniqueIdentifier>{5b660dd9-914d-4669-af1d-b9a53747e21c}</UniqueIdentifier>
    </Filter>
    <Filter Include="MulNX\Extensions\CS2\GameCfgManager">
      <UniqueIdentifier>{c8879053-aed4-43de-9a0f-92f2c7653d23}</UniqueIdentifier>
    </Filter>
    <Filter Include="MulNX\Extensions\CS2\GameSettingsManager">
      <UniqueIdentifier>{126d3674-ef83-4516-858a-434301f2508b}</UniqueIdentifier>
    </Filter>
    <Filter Include="MulNX\Extensions\CS2\HookManager">
      <UniqueIdentifier>{500a2c53-8852-4176-851b-a0020fb00c65}</UniqueIdentifier>
    </Filter>
    <Filter Include="MulNX\Extensions\CameraSystem\Project">
      <UniqueIdentifier>{d66bd801-2265-447d-a8a7-09018e8b9614}</UniqueIdentifier>
    </Filter>
    <Filter Include="MulNX\Extensions\CameraSystem\Project\Project">
      <UniqueIdentifier>{f8a385c4-d1f2-489a-a417-68f691ebe095}</UniqueIdentifier>
    </Filter>
    <Filter Include="MulNX\Extensions\CameraSystem\Project\ProjectManager">
      <UniqueIdentifier>{a19a55df-6ab8-44e9-b421-8d8bed6d9b54}</UniqueIdentifier>
    </Filter>
    <Filter Include="MulNX\Extensions\CameraSystem\Solution">
      <UniqueIdentifier>{23c52e25-27da-4280-8006-fae39b26a567}</UniqueIdentifier>
    </Filter>
    <Filter Include="MulNX\Extensions\CameraSystem\Solution\Solution">
      <UniqueIdentifier>{c965436a-e293-41c1-aaaa-85aa56c82e83}</UniqueIdentifier>
    </Filter>
    <Filter Include="MulNX\Extensions\CameraSystem\Solution\SolutionManager">
      <UniqueIdentifier>{fc584b1d-d842-4a31-bcba-49deeef55ef0}</UniqueIdentifier>
    </Filter>
    <Filter Include="MulNX\Extensions\CameraSystem\Workspace">
      <UniqueIdentifier>{c715a5b1-bc0e-450c-ba37-b92936e76d72}</UniqueIdentifier>
    </Filter>
    <Filter Include="MulNX\Extensions\CameraSystem\Workspace\Workspace">
      <UniqueIdentifier>{7d430ece-34b5-4e5f-abc8-b13f9ed1a6d5}</UniqueIdentifier>
    </Filter>
    <Filter Include="MulNX\Extensions\CameraSystem\Workspace\WorkspaceManager">
      <UniqueIdentifier>{5163ea67-81ac-4404-960e-a0fb632199d2}</UniqueIdentifier>
    </Filter>
    <Filter Include="MulNX\Base\vmt">
      <UniqueIdentifier>{f410ffba-0249-4949-b8a2-4f46fd7a66cf}</UniqueIdentifier>
    </Filter>
    <Filter Include="MulNX\Base\any_smart_ptr">
      <UniqueIdentifier>{226aabdf-491b-4f3e-adb3-0cdd7364041c}</UniqueIdentifier>
    </Filter>
    <Filter Include="MulNX\Extensions\MQTT">
      <UniqueIdentifier>{0f93afc5-e3ed-4695-bbb6-0c52d936b9f5}</UniqueIdentifier>
    </Filter>
    <Filter Include="MulNX\Extensions\MQTT\ThirdParty">
      <UniqueIdentifier>{56788ee5-12d1-4be5-9c3f-07dd1f45a307}</UniqueIdentifier>
    </Filter>
    <Filter Include="MulNX\Extensions\MQTT\MQTTClient">
      <UniqueIdentifier>{4280d292-2024-4b3d-9aa0-4d2d0a4f122a}</UniqueIdentifier>
    </Filter>
    <Filter Include="Projects">
      <UniqueIdentifier>{e2a0b836-613d-43b0-a6f6-ac0b25cff099}</UniqueIdentifier>
    </Filter>
    <Filter Include="Projects\MulNX_CS2">
      <UniqueIdentifier>{13325ae1-ea03-4253-a5bf-ccad2d2e45f5}</UniqueIdentifier>
    </Filter>
    <Filter Include="Projects\MulNX_CS2\DllMain">
      <UniqueIdentifier>{3900ffb0-aad7-4069-aa23-2818525e35c1}</UniqueIdentifier>
    </Filter>
    <Filter Include="MulNX\Core\ModuleManager">
      <UniqueIdentifier>{3e2c71ed-121b-448e-8ca2-184a201934a5}</UniqueIdentifier>
    </Filter>
    <Filter Include="MulNX\Base\Buffer">
      <UniqueIdentifier>{2810b342-9455-42b2-8930-0579c6ad3ba4}</UniqueIdentifier>
    </Filter>
  </ItemGroup>
  <ItemGroup>
    <ClInclude Include="ThirdParty\All_cs2_dumper.hpp">
      <Filter>ThirdParty</Filter>
    </ClInclude>
    <ClInclude Include="ThirdParty\All_ImGui.hpp">
      <Filter>ThirdParty</Filter>
    </ClInclude>
    <ClInclude Include="ThirdParty\All_MinHook.hpp">
      <Filter>ThirdParty</Filter>
    </ClInclude>
    <ClInclude Include="ThirdParty\All_pugixml.hpp">
      <Filter>ThirdParty</Filter>
    </ClInclude>
    <ClInclude Include="ThirdParty\cs2_dumper\animationsystem_dll.hpp">
      <Filter>ThirdParty\cs2_dumper</Filter>
    </ClInclude>
    <ClInclude Include="ThirdParty\cs2_dumper\buttons.hpp">
      <Filter>ThirdParty\cs2_dumper</Filter>
    </ClInclude>
    <ClInclude Include="ThirdParty\cs2_dumper\client_dll.hpp">
      <Filter>ThirdParty\cs2_dumper</Filter>
    </ClInclude>
    <ClInclude Include="ThirdParty\cs2_dumper\engine2_dll.hpp">
      <Filter>ThirdParty\cs2_dumper</Filter>
    </ClInclude>
    <ClInclude Include="ThirdParty\cs2_dumper\host_dll.hpp">
      <Filter>ThirdParty\cs2_dumper</Filter>
    </ClInclude>
    <ClInclude Include="ThirdParty\cs2_dumper\interfaces.hpp">
      <Filter>ThirdParty\cs2_dumper</Filter>
    </ClInclude>
    <ClInclude Include="ThirdParty\cs2_dumper\materialsystem2_dll.hpp">
      <Filter>ThirdParty\cs2_dumper</Filter>
    </ClInclude>
    <ClInclude Include="ThirdParty\cs2_dumper\networksystem_dll.hpp">
      <Filter>ThirdParty\cs2_dumper</Filter>
    </ClInclude>
    <ClInclude Include="ThirdParty\cs2_dumper\offsets.hpp">
      <Filter>ThirdParty\cs2_dumper</Filter>
    </ClInclude>
    <ClInclude Include="ThirdParty\cs2_dumper\panorama_dll.hpp">
      <Filter>ThirdParty\cs2_dumper</Filter>
    </ClInclude>
    <ClInclude Include="ThirdParty\cs2_dumper\particles_dll.hpp">
      <Filter>ThirdParty\cs2_dumper</Filter>
    </ClInclude>
    <ClInclude Include="ThirdParty\cs2_dumper\pulse_system_dll.hpp">
      <Filter>ThirdParty\cs2_dumper</Filter>
    </ClInclude>
    <ClInclude Include="ThirdParty\cs2_dumper\rendersystemdx11_dll.hpp">
      <Filter>ThirdParty\cs2_dumper</Filter>
    </ClInclude>
    <ClInclude Include="ThirdParty\cs2_dumper\resourcesystem_dll.hpp">
      <Filter>ThirdParty\cs2_dumper</Filter>
    </ClInclude>
    <ClInclude Include="ThirdParty\cs2_dumper\scenesystem_dll.hpp">
      <Filter>ThirdParty\cs2_dumper</Filter>
    </ClInclude>
    <ClInclude Include="ThirdParty\cs2_dumper\schemasystem_dll.hpp">
      <Filter>ThirdParty\cs2_dumper</Filter>
    </ClInclude>
    <ClInclude Include="ThirdParty\cs2_dumper\server_dll.hpp">
      <Filter>ThirdParty\cs2_dumper</Filter>
    </ClInclude>
    <ClInclude Include="ThirdParty\cs2_dumper\soundsystem_dll.hpp">
      <Filter>ThirdParty\cs2_dumper</Filter>
    </ClInclude>
    <ClInclude Include="ThirdParty\cs2_dumper\steamaudio_dll.hpp">
      <Filter>ThirdParty\cs2_dumper</Filter>
    </ClInclude>
    <ClInclude Include="ThirdParty\cs2_dumper\vphysics2_dll.hpp">
      <Filter>ThirdParty\cs2_dumper</Filter>
    </ClInclude>
    <ClInclude Include="ThirdParty\cs2_dumper\worldrenderer_dll.hpp">
      <Filter>ThirdParty\cs2_dumper</Filter>
    </ClInclude>
    <ClInclude Include="ThirdParty\imgui_d11\imconfig.h">
      <Filter>ThirdParty\imgui_d11</Filter>
    </ClInclude>
    <ClInclude Include="ThirdParty\imgui_d11\imgui.h">
      <Filter>ThirdParty\imgui_d11</Filter>
    </ClInclude>
    <ClInclude Include="ThirdParty\imgui_d11\imgui_impl_dx11.h">
      <Filter>ThirdParty\imgui_d11</Filter>
    </ClInclude>
    <ClInclude Include="ThirdParty\imgui_d11\imgui_impl_win32.h">
      <Filter>ThirdParty\imgui_d11</Filter>
    </ClInclude>
    <ClInclude Include="ThirdParty\imgui_d11\imgui_internal.h">
      <Filter>ThirdParty\imgui_d11</Filter>
    </ClInclude>
    <ClInclude Include="ThirdParty\imgui_d11\imgui_stdlib.h">
      <Filter>ThirdParty\imgui_d11</Filter>
    </ClInclude>
    <ClInclude Include="ThirdParty\imgui_d11\imstb_rectpack.h">
      <Filter>ThirdParty\imgui_d11</Filter>
    </ClInclude>
    <ClInclude Include="ThirdParty\imgui_d11\imstb_textedit.h">
      <Filter>ThirdParty\imgui_d11</Filter>
    </ClInclude>
    <ClInclude Include="ThirdParty\imgui_d11\imstb_truetype.h">
      <Filter>ThirdParty\imgui_d11</Filter>
    </ClInclude>
    <ClInclude Include="ThirdParty\minhook_debug_x64\include\MinHook.h">
      <Filter>ThirdParty\minhook_debug_x64</Filter>
    </ClInclude>
    <ClInclude Include="ThirdParty\pugixml\pugiconfig.hpp">
      <Filter>ThirdParty\pugixml</Filter>
    </ClInclude>
    <ClInclude Include="ThirdParty\pugixml\pugixml.hpp">
      <Filter>ThirdParty\pugixml</Filter>
    </ClInclude>
    <ClInclude Include="MulNX\Base\Base.hpp">
      <Filter>MulNX\Base</Filter>
    </ClInclude>
    <ClInclude Include="MulNX\Base\HookUtility\HookUtility.hpp">
      <Filter>MulNX\Base\HookUtility</Filter>
    </ClInclude>
    <ClInclude Include="MulNX\Base\Math\Math.hpp">
      <Filter>MulNX\Base\Math</Filter>
    </ClInclude>
    <ClInclude Include="MulNX\Base\Memory\Memory.hpp">
      <Filter>MulNX\Base\Memory</Filter>
    </ClInclude>
    <ClInclude Include="MulNX\Base\WIN32Msg\WIN32Msg.hpp">
      <Filter>MulNX\Base\WIN32Msg</Filter>
    </ClInclude>
    <ClInclude Include="MulNX\Base\Buffer\Buffer.hpp">
      <Filter>MulNX\Base\Buffer</Filter>
    </ClInclude>
    <ClInclude Include="MulNX\Systems\Debugger\Debugger.hpp">
      <Filter>MulNX\Systems\Debugger</Filter>
    </ClInclude>
    <ClInclude Include="MulNX\Systems\Debugger\IDebugger.hpp">
      <Filter>MulNX\Systems\Debugger</Filter>
    </ClInclude>
    <ClInclude Include="MulNX\Systems\HandleSystem\HandleSystem.hpp">
      <Filter>MulNX\Systems\HandleSystem</Filter>
    </ClInclude>
    <ClInclude Include="MulNX\Systems\KeyTracker\KeyTracker.hpp">
      <Filter>MulNX\Systems\KeyTracker</Filter>
    </ClInclude>
    <ClInclude Include="MulNX\Systems\MessageManager\IMessageManager.hpp">
      <Filter>MulNX\Systems\MessageManager</Filter>
    </ClInclude>
    <ClInclude Include="MulNX\Systems\MessageManager\MessageManager.hpp">
      <Filter>MulNX\Systems\MessageManager</Filter>
    </ClInclude>
    <ClInclude Include="MulNX\Systems\MessageManager\MessageChannel\IMessageChannel.hpp">
      <Filter>MulNX\Systems\MessageManager\MessageChannel</Filter>
    </ClInclude>
    <ClInclude Include="MulNX\Systems\MessageManager\MessageChannel\MessageChannel.hpp">
      <Filter>MulNX\Systems\MessageManager\MessageChannel</Filter>
    </ClInclude>
    <ClInclude Include="MulNX\Systems\MessageManager\MulNXMessage\MulNXMessage.hpp">
      <Filter>MulNX\Systems\MessageManager\MulNXMessage</Filter>
    </ClInclude>
    <ClInclude Include="MulNX\Systems\MulNXiGlobalVars\MulNXiGlobalVars.hpp">
      <Filter>MulNX\Systems\MulNXiGlobalVars</Filter>
    </ClInclude>
    <ClInclude Include="MulNX\Systems\MulNXiGlobalVars\MulNXiGlobalVarsOnlyRead.hpp">
      <Filter>MulNX\Systems\MulNXiGlobalVars</Filter>
    </ClInclude>
    <ClInclude Include="MulNX\Systems\MulNXUISystem\IMulNXUISystem.hpp">
      <Filter>MulNX\Systems\MulNXUISystem</Filter>
    </ClInclude>
    <ClInclude Include="MulNX\Systems\MulNXUISystem\MulNXUISystem.hpp">
      <Filter>MulNX\Systems\MulNXUISystem</Filter>
    </ClInclude>
    <ClInclude Include="MulNX\Systems\MulNXUISystem\MulNXUIContext\MulNXUIContext.hpp">
      <Filter>MulNX\Systems\MulNXUISystem\MulNXUIContext</Filter>
    </ClInclude>
    <ClInclude Include="MulNX\Systems\MulNXUISystem\MulNXUIContext\MulNXSingleUIContext\MulNXSingleUIContext.hpp">
      <Filter>MulNX\Systems\MulNXUISystem\MulNXUIContext\MulNXSingleUIContext</Filter>
    </ClInclude>
    <ClInclude Include="MulNX\Core\Core.hpp">
      <Filter>MulNX\Core</Filter>
    </ClInclude>
    <ClInclude Include="MulNX\Core\ModuleBase\ModuleBase.hpp">
      <Filter>MulNX\Core\ModuleBase</Filter>
    </ClInclude>
    <ClInclude Include="MulNX\Systems\IPCer\IPCer.hpp">
      <Filter>MulNX\Systems\IPCer</Filter>
    </ClInclude>
    <ClInclude Include="MulNX\Extensions\CameraSystem\CameraSystemIO\CameraSystemIO.hpp">
      <Filter>MulNX\Extensions\CameraSystem\CameraSystemIO</Filter>
    </ClInclude>
    <ClInclude Include="MulNX\Extensions\CameraSystem\CameraDrawer\CameraDrawer.hpp">
      <Filter>MulNX\Extensions\CameraSystem\CameraDrawer</Filter>
    </ClInclude>
    <ClInclude Include="MulNX\Extensions\CameraSystem\Element\Elements.hpp">
      <Filter>MulNX\Extensions\CameraSystem\Element</Filter>
    </ClInclude>
    <ClInclude Include="MulNX\Extensions\CameraSystem\Element\Elements\FirstPersonCameraPath\FirstPersonCameraPath.hpp">
      <Filter>MulNX\Extensions\CameraSystem\Element\Elements\FirstPersonCameraPath</Filter>
    </ClInclude>
    <ClInclude Include="MulNX\Extensions\CameraSystem\Element\Elements\FreeCameraPath\FreeCameraPath.hpp">
      <Filter>MulNX\Extensions\CameraSystem\Element\Elements\FreeCameraPath</Filter>
    </ClInclude>
    <ClInclude Include="MulNX\Extensions\CameraSystem\Element\Elements\LockedCameraPath\LockedCameraPath.hpp">
      <Filter>MulNX\Extensions\CameraSystem\Element\Elements\LockedCameraPath</Filter>
    </ClInclude>
    <ClInclude Include="MulNX\Extensions\CameraSystem\Element\ElementBase\ElementBase.hpp">
      <Filter>MulNX\Extensions\CameraSystem\Element\ElementBase</Filter>
    </ClInclude>
    <ClInclude Include="MulNX\Extensions\VirtualUser\VirtualUser.hpp">
      <Filter>MulNX\Extensions\VirtualUser</Filter>
    </ClInclude>
    <ClInclude Include="MulNX\Extensions\MiniMap\MiniMap.hpp">
      <Filter>MulNX\Extensions\MiniMap</Filter>
    </ClInclude>
    <ClInclude Include="MulNX\Extensions\AbstractLayer3D\AbstractLayer3D.hpp">
      <Filter>MulNX\Extensions\AbstractLayer3D</Filter>
    </ClInclude>
    <ClInclude Include="MulNX\Extensions\AbstractLayer3D\IAbstractLayer3D.hpp">
      <Filter>MulNX\Extensions\AbstractLayer3D</Filter>
    </ClInclude>
    <ClInclude Include="MulNX\Extensions\CameraSystem\Element\ElementManager\ElementConfig.hpp">
      <Filter>MulNX\Extensions\CameraSystem\Element\ElementManager</Filter>
    </ClInclude>
    <ClInclude Include="MulNX\Extensions\CameraSystem\Element\ElementManager\ElementManager.hpp">
      <Filter>MulNX\Extensions\CameraSystem\Element\ElementManager</Filter>
    </ClInclude>
    <ClInclude Include="MulNX\Extensions\CameraSystem\Element\ElementManager\ElementDebugger\ElementDebugger.hpp">
      <Filter>MulNX\Extensions\CameraSystem\Element\ElementManager\ElementDebugger</Filter>
    </ClInclude>
    <ClInclude Include="MulNX\Extensions\CameraSystem\Project\Project\Project.hpp">
      <Filter>MulNX\Extensions\CameraSystem\Project\Project</Filter>
    </ClInclude>
    <ClInclude Include="MulNX\Extensions\CameraSystem\Project\ProjectManager\ProjectConfig.hpp">
      <Filter>MulNX\Extensions\CameraSystem\Project\ProjectManager</Filter>
    </ClInclude>
    <ClInclude Include="MulNX\Extensions\CameraSystem\Project\ProjectManager\ProjectManager.hpp">
      <Filter>MulNX\Extensions\CameraSystem\Project\ProjectManager</Filter>
    </ClInclude>
    <ClInclude Include="MulNX\Extensions\CameraSystem\Solution\Solution\Solution.hpp">
      <Filter>MulNX\Extensions\CameraSystem\Solution\Solution</Filter>
    </ClInclude>
    <ClInclude Include="MulNX\Extensions\CameraSystem\Solution\SolutionManager\SolutionConfig.hpp">
      <Filter>MulNX\Extensions\CameraSystem\Solution\SolutionManager</Filter>
    </ClInclude>
    <ClInclude Include="MulNX\Extensions\CameraSystem\Solution\SolutionManager\SolutionManager.hpp">
      <Filter>MulNX\Extensions\CameraSystem\Solution\SolutionManager</Filter>
    </ClInclude>
    <ClInclude Include="MulNX\Extensions\CameraSystem\Workspace\Workspace\Workspace.hpp">
      <Filter>MulNX\Extensions\CameraSystem\Workspace\Workspace</Filter>
    </ClInclude>
    <ClInclude Include="MulNX\Extensions\CameraSystem\Workspace\WorkspaceManager\WorkspaceManager.hpp">
      <Filter>MulNX\Extensions\CameraSystem\Workspace\WorkspaceManager</Filter>
    </ClInclude>
    <ClInclude Include="MulNX\Extensions\CameraSystem\CameraSystem.hpp">
      <Filter>MulNX\Extensions\CameraSystem</Filter>
    </ClInclude>
    <ClInclude Include="MulNX\Extensions\CameraSystem\ICameraSystem.hpp">
      <Filter>MulNX\Extensions\CameraSystem</Filter>
    </ClInclude>
    <ClInclude Include="MulNX\Extensions\CS2\HookManager\HookManager.hpp">
      <Filter>MulNX\Extensions\CS2\HookManager</Filter>
    </ClInclude>
    <ClInclude Include="MulNX\Extensions\CS2\GameSettingsManager\GameSettingsManager.hpp">
      <Filter>MulNX\Extensions\CS2\GameSettingsManager</Filter>
    </ClInclude>
    <ClInclude Include="MulNX\Extensions\CS2\GameCfgManager\GameCfgManager.hpp">
      <Filter>MulNX\Extensions\CS2\GameCfgManager</Filter>
    </ClInclude>
    <ClInclude Include="MulNX\Extensions\CS2\DemoHelper\DemoHelper.hpp">
      <Filter>MulNX\Extensions\CS2\DemoHelper</Filter>
    </ClInclude>
    <ClInclude Include="MulNX\Extensions\CS2\CSController\CSController.hpp">
      <Filter>MulNX\Extensions\CS2\CSController</Filter>
    </ClInclude>
    <ClInclude Include="MulNX\Base\vmt\vmt.hpp">
      <Filter>MulNX\Base\vmt</Filter>
    </ClInclude>
    <ClInclude Include="MulNX\Extensions\CS2\ConsoleManager\ConsoleManager.hpp">
      <Filter>MulNX\Extensions\CS2\ConsoleManager</Filter>
    </ClInclude>
    <ClInclude Include="MulNX\Extensions\CS2\CSController\ConVarSystem\ConVarSystem.hpp">
      <Filter>MulNX\Extensions\CS2\CSController\ConVarSystem</Filter>
    </ClInclude>
    <ClInclude Include="MulNX\Extensions\CS2\CSController\CSGameRules\CSGameRules.hpp">
      <Filter>MulNX\Extensions\CS2\CSController\CSGameRules</Filter>
    </ClInclude>
    <ClInclude Include="MulNX\Extensions\CS2\CSController\EntityList\EntityList.hpp">
      <Filter>MulNX\Extensions\CS2\CSController\EntityList</Filter>
    </ClInclude>
    <ClInclude Include="MulNX\Extensions\CS2\CSController\EntityList\Entity\Entity.hpp">
      <Filter>MulNX\Extensions\CS2\CSController\EntityList\Entity</Filter>
    </ClInclude>
    <ClInclude Include="MulNX\Extensions\CS2\CSController\EntityList\Entity\Controller\Controller.hpp">
      <Filter>MulNX\Extensions\CS2\CSController\EntityList\Entity\Controller</Filter>
    </ClInclude>
    <ClInclude Include="MulNX\Extensions\CS2\CSController\EntityList\Entity\Pawn\Pawn.hpp">
      <Filter>MulNX\Extensions\CS2\CSController\EntityList\Entity\Pawn</Filter>
    </ClInclude>
    <ClInclude Include="MulNX\Extensions\CS2\CSController\EntityList\Entity\Pawn\CameraServices\CameraServices.hpp">
      <Filter>MulNX\Extensions\CS2\CSController\EntityList\Entity\Pawn\CameraServices</Filter>
    </ClInclude>
    <ClInclude Include="MulNX\Extensions\CS2\CSController\EntityList\Entity\Pawn\GameSceneNode\GameSceneNode.hpp">
      <Filter>MulNX\Extensions\CS2\CSController\EntityList\Entity\Pawn\GameSceneNode</Filter>
    </ClInclude>
    <ClInclude Include="MulNX\Extensions\CS2\CSController\EntityList\Entity\Pawn\ObserverServices\ObserverServices.hpp">
      <Filter>MulNX\Extensions\CS2\CSController\EntityList\Entity\Pawn\ObserverServices</Filter>
    </ClInclude>
    <ClInclude Include="MulNX\Extensions\CS2\CSController\GlobalVars\GlobalVars.hpp">
      <Filter>MulNX\Extensions\CS2\CSController\GlobalVars</Filter>
    </ClInclude>
    <ClInclude Include="MulNX\Extensions\CS2\CSController\LocalPlayer\LocalPlayer.hpp">
      <Filter>MulNX\Extensions\CS2\CSController\LocalPlayer</Filter>
    </ClInclude>
    <ClInclude Include="MulNX\Extensions\CS2\CSController\PlantedC4\PlantedC4.hpp">
      <Filter>MulNX\Extensions\CS2\CSController\PlantedC4</Filter>
    </ClInclude>
    <ClInclude Include="MulNX\Systems\Systems.hpp">
      <Filter>MulNX\Systems</Filter>
    </ClInclude>
    <ClInclude Include="MulNX\Systems\HandleSystem\IHandleSystem.hpp">
      <Filter>MulNX\Systems\HandleSystem</Filter>
    </ClInclude>
    <ClInclude Include="MulNX\Base\any_smart_ptr\any_smart_ptr.hpp">
      <Filter>MulNX\Base\any_smart_ptr</Filter>
    </ClInclude>
    <ClInclude Include="MulNX\Extensions\MQTT\ThirdParty\mqtt.h">
      <Filter>MulNX\Extensions\MQTT\ThirdParty</Filter>
    </ClInclude>
    <ClInclude Include="MulNX\Extensions\MQTT\ThirdParty\mqtt_pal.h">
      <Filter>MulNX\Extensions\MQTT\ThirdParty</Filter>
    </ClInclude>
    <ClInclude Include="MulNX\Extensions\MQTT\MQTTClient\MQTTClient.hpp">
      <Filter>MulNX\Extensions\MQTT\MQTTClient</Filter>
    </ClInclude>
    <ClInclude Include="MulNX\MulNX.hpp">
      <Filter>MulNX</Filter>
    </ClInclude>
    <ClInclude Include="Projects\MulNX_CS2\DllMain\DllMain.hpp">
      <Filter>Projects\MulNX_CS2\DllMain</Filter>
    </ClInclude>
    <ClInclude Include="MulNX\Core\ModuleManager\ModuleManager.hpp">
      <Filter>MulNX\Core\ModuleManager</Filter>
    </ClInclude>
  </ItemGroup>
  <ItemGroup>
    <ClCompile Include="ThirdParty\imgui_d11\imgui.cpp">
      <Filter>ThirdParty\imgui_d11</Filter>
    </ClCompile>
    <ClCompile Include="ThirdParty\imgui_d11\imgui_draw.cpp">
      <Filter>ThirdParty\imgui_d11</Filter>
    </ClCompile>
    <ClCompile Include="ThirdParty\imgui_d11\imgui_impl_dx11.cpp">
      <Filter>ThirdParty\imgui_d11</Filter>
    </ClCompile>
    <ClCompile Include="ThirdParty\imgui_d11\imgui_impl_win32.cpp">
      <Filter>ThirdParty\imgui_d11</Filter>
    </ClCompile>
    <ClCompile Include="ThirdParty\imgui_d11\imgui_stdlib.cpp">
      <Filter>ThirdParty\imgui_d11</Filter>
    </ClCompile>
    <ClCompile Include="ThirdParty\imgui_d11\imgui_tables.cpp">
      <Filter>ThirdParty\imgui_d11</Filter>
    </ClCompile>
    <ClCompile Include="ThirdParty\imgui_d11\imgui_widgets.cpp">
      <Filter>ThirdParty\imgui_d11</Filter>
    </ClCompile>
    <ClCompile Include="ThirdParty\pugixml\pugixml.cpp">
      <Filter>ThirdParty\pugixml</Filter>
    </ClCompile>
    <ClCompile Include="MulNX\Base\Base.cpp">
      <Filter>MulNX\Base</Filter>
    </ClCompile>
    <ClCompile Include="MulNX\Base\HookUtility\HookUtility.cpp">
      <Filter>MulNX\Base\HookUtility</Filter>
    </ClCompile>
    <ClCompile Include="MulNX\Base\Math\Math.cpp">
      <Filter>MulNX\Base\Math</Filter>
    </ClCompile>
    <ClCompile Include="MulNX\Base\Memory\Memory.cpp">
      <Filter>MulNX\Base\Memory</Filter>
    </ClCompile>
    <ClCompile Include="MulNX\Base\WIN32Msg\WIN32Msg.cpp">
      <Filter>MulNX\Base\WIN32Msg</Filter>
    </ClCompile>
    <ClCompile Include="MulNX\Base\Buffer\Buffer.cpp">
      <Filter>MulNX\Base\Buffer</Filter>
    </ClCompile>
    <ClCompile Include="MulNX\Systems\Debugger\Debugger.cpp">
      <Filter>MulNX\Systems\Debugger</Filter>
    </ClCompile>
    <ClCompile Include="MulNX\Systems\HandleSystem\HandleSystem.cpp">
      <Filter>MulNX\Systems\HandleSystem</Filter>
    </ClCompile>
    <ClCompile Include="MulNX\Systems\KeyTracker\KeyTracker.cpp">
      <Filter>MulNX\Systems\KeyTracker</Filter>
    </ClCompile>
    <ClCompile Include="MulNX\Systems\MessageManager\MessageManager.cpp">
      <Filter>MulNX\Systems\MessageManager</Filter>
    </ClCompile>
    <ClCompile Include="MulNX\Systems\MessageManager\MessageChannel\MessageChannel.cpp">
      <Filter>MulNX\Systems\MessageManager\MessageChannel</Filter>
    </ClCompile>
    <ClCompile Include="MulNX\Systems\MessageManager\MulNXMessage\MulNXMessage.cpp">
      <Filter>MulNX\Systems\MessageManager\MulNXMessage</Filter>
    </ClCompile>
    <ClCompile Include="MulNX\Systems\MulNXiGlobalVars\MulNXiGlobalVars.cpp">
      <Filter>MulNX\Systems\MulNXiGlobalVars</Filter>
    </ClCompile>
    <ClCompile Include="MulNX\Systems\MulNXUISystem\MulNXUISystem.cpp">
      <Filter>MulNX\Systems\MulNXUISystem</Filter>
    </ClCompile>
    <ClCompile Include="MulNX\Systems\MulNXUISystem\MulNXUIContext\MulNXUIContext.cpp">
      <Filter>MulNX\Systems\MulNXUISystem\MulNXUIContext</Filter>
    </ClCompile>
    <ClCompile Include="MulNX\Systems\MulNXUISystem\MulNXUIContext\MulNXSingleUIContext\MulNXSingleUIContext.cpp">
      <Filter>MulNX\Systems\MulNXUISystem\MulNXUIContext\MulNXSingleUIContext</Filter>
    </ClCompile>
    <ClCompile Include="MulNX\Core\Core.cpp">
      <Filter>MulNX\Core</Filter>
    </ClCompile>
    <ClCompile Include="MulNX\Core\ModuleBase\ModuleBase.cpp">
      <Filter>MulNX\Core\ModuleBase</Filter>
    </ClCompile>
    <ClCompile Include="MulNX\Systems\IPCer\IPCer.cpp">
      <Filter>MulNX\Systems\IPCer</Filter>
    </ClCompile>
    <ClCompile Include="MulNX\Extensions\CameraSystem\CameraSystemIO\CameraSystemIO.cpp">
      <Filter>MulNX\Extensions\CameraSystem\CameraSystemIO</Filter>
    </ClCompile>
    <ClCompile Include="MulNX\Extensions\CameraSystem\CameraDrawer\CameraDrawer.cpp">
      <Filter>MulNX\Extensions\CameraSystem\CameraDrawer</Filter>
    </ClCompile>
    <ClCompile Include="MulNX\Extensions\CameraSystem\Element\Elements\FirstPersonCameraPath\FirstPersonCameraPath.cpp">
      <Filter>MulNX\Extensions\CameraSystem\Element\Elements\FirstPersonCameraPath</Filter>
    </ClCompile>
    <ClCompile Include="MulNX\Extensions\CameraSystem\Element\Elements\FreeCameraPath\FreeCameraPath.cpp">
      <Filter>MulNX\Extensions\CameraSystem\Element\Elements\FreeCameraPath</Filter>
    </ClCompile>
    <ClCompile Include="MulNX\Extensions\CameraSystem\Element\Elements\LockedCameraPath\LockedCameraPath.cpp">
      <Filter>MulNX\Extensions\CameraSystem\Element\Elements\LockedCameraPath</Filter>
    </ClCompile>
    <ClCompile Include="MulNX\Extensions\CameraSystem\Element\ElementBase\ElementBase.cpp">
      <Filter>MulNX\Extensions\CameraSystem\Element\ElementBase</Filter>
    </ClCompile>
    <ClCompile Include="MulNX\Extensions\VirtualUser\VirtualUser.cpp">
      <Filter>MulNX\Extensions\VirtualUser</Filter>
    </ClCompile>
    <ClCompile Include="MulNX\Extensions\MiniMap\MiniMap.cpp">
      <Filter>MulNX\Extensions\MiniMap</Filter>
    </ClCompile>
    <ClCompile Include="MulNX\Extensions\AbstractLayer3D\AbstractLayer3D.cpp">
      <Filter>MulNX\Extensions\AbstractLayer3D</Filter>
    </ClCompile>
    <ClCompile Include="MulNX\Extensions\CameraSystem\Element\ElementManager\ElementManager.cpp">
      <Filter>MulNX\Extensions\CameraSystem\Element\ElementManager</Filter>
    </ClCompile>
    <ClCompile Include="MulNX\Extensions\CameraSystem\Element\ElementManager\ElementDebugger\ElementDebugger.cpp">
      <Filter>MulNX\Extensions\CameraSystem\Element\ElementManager\ElementDebugger</Filter>
    </ClCompile>
    <ClCompile Include="MulNX\Extensions\CameraSystem\Project\Project\Project.cpp">
      <Filter>MulNX\Extensions\CameraSystem\Project\Project</Filter>
    </ClCompile>
    <ClCompile Include="MulNX\Extensions\CameraSystem\Project\ProjectManager\ProjectManager.cpp">
      <Filter>MulNX\Extensions\CameraSystem\Project\ProjectManager</Filter>
    </ClCompile>
    <ClCompile Include="MulNX\Extensions\CameraSystem\Solution\Solution\Solution.cpp">
      <Filter>MulNX\Extensions\CameraSystem\Solution\Solution</Filter>
    </ClCompile>
    <ClCompile Include="MulNX\Extensions\CameraSystem\Solution\SolutionManager\SolutionManager.cpp">
      <Filter>MulNX\Extensions\CameraSystem\Solution\SolutionManager</Filter>
    </ClCompile>
    <ClCompile Include="MulNX\Extensions\CameraSystem\Workspace\Workspace\Workspace.cpp">
      <Filter>MulNX\Extensions\CameraSystem\Workspace\Workspace</Filter>
    </ClCompile>
    <ClCompile Include="MulNX\Extensions\CameraSystem\Workspace\WorkspaceManager\WorkspaceManager.cpp">
      <Filter>MulNX\Extensions\CameraSystem\Workspace\WorkspaceManager</Filter>
    </ClCompile>
    <ClCompile Include="MulNX\Extensions\CameraSystem\CameraSystem.cpp">
      <Filter>MulNX\Extensions\CameraSystem</Filter>
    </ClCompile>
    <ClCompile Include="MulNX\Extensions\CS2\HookManager\HookManager.cpp">
      <Filter>MulNX\Extensions\CS2\HookManager</Filter>
    </ClCompile>
    <ClCompile Include="MulNX\Extensions\CS2\GameSettingsManager\GameSettingsManager.cpp">
      <Filter>MulNX\Extensions\CS2\GameSettingsManager</Filter>
    </ClCompile>
    <ClCompile Include="MulNX\Extensions\CS2\GameCfgManager\GameCfgManager.cpp">
      <Filter>MulNX\Extensions\CS2\GameCfgManager</Filter>
    </ClCompile>
    <ClCompile Include="MulNX\Extensions\CS2\DemoHelper\DemoHelper.cpp">
      <Filter>MulNX\Extensions\CS2\DemoHelper</Filter>
    </ClCompile>
    <ClCompile Include="MulNX\Extensions\CS2\CSController\CSController.cpp">
      <Filter>MulNX\Extensions\CS2\CSController</Filter>
    </ClCompile>
    <ClCompile Include="MulNX\Extensions\CS2\ConsoleManager\ConsoleManager.cpp">
      <Filter>MulNX\Extensions\CS2\ConsoleManager</Filter>
    </ClCompile>
    <ClCompile Include="MulNX\Extensions\CS2\CSController\ConVarSystem\ConVarSystem.cpp">
      <Filter>MulNX\Extensions\CS2\CSController\ConVarSystem</Filter>
    </ClCompile>
    <ClCompile Include="MulNX\Extensions\CS2\CSController\CSGameRules\CSGameRules.cpp">
      <Filter>MulNX\Extensions\CS2\CSController\CSGameRules</Filter>
    </ClCompile>
    <ClCompile Include="MulNX\Extensions\CS2\CSController\EntityList\EntityList.cpp">
      <Filter>MulNX\Extensions\CS2\CSController\EntityList</Filter>
    </ClCompile>
    <ClCompile Include="MulNX\Extensions\CS2\CSController\EntityList\Entity\Entity.cpp">
      <Filter>MulNX\Extensions\CS2\CSController\EntityList\Entity</Filter>
    </ClCompile>
    <ClCompile Include="MulNX\Extensions\CS2\CSController\EntityList\Entity\Controller\Controller.cpp">
      <Filter>MulNX\Extensions\CS2\CSController\EntityList\Entity\Controller</Filter>
    </ClCompile>
    <ClCompile Include="MulNX\Extensions\CS2\CSController\EntityList\Entity\Pawn\Pawn.cpp">
      <Filter>MulNX\Extensions\CS2\CSController\EntityList\Entity\Pawn</Filter>
    </ClCompile>
    <ClCompile Include="MulNX\Extensions\CS2\CSController\EntityList\Entity\Pawn\CameraServices\CameraServices.cpp">
      <Filter>MulNX\Extensions\CS2\CSController\EntityList\Entity\Pawn\CameraServices</Filter>
    </ClCompile>
    <ClCompile Include="MulNX\Extensions\CS2\CSController\EntityList\Entity\Pawn\GameSceneNode\GameSceneNode.cpp">
      <Filter>MulNX\Extensions\CS2\CSController\EntityList\Entity\Pawn\GameSceneNode</Filter>
    </ClCompile>
    <ClCompile Include="MulNX\Extensions\CS2\CSController\EntityList\Entity\Pawn\ObserverServices\ObserverServices.cpp">
      <Filter>MulNX\Extensions\CS2\CSController\EntityList\Entity\Pawn\ObserverServices</Filter>
    </ClCompile>
    <ClCompile Include="MulNX\Extensions\CS2\CSController\GlobalVars\GlobalVars.cpp">
      <Filter>MulNX\Extensions\CS2\CSController\GlobalVars</Filter>
    </ClCompile>
    <ClCompile Include="MulNX\Extensions\CS2\CSController\LocalPlayer\LocalPlayer.cpp">
      <Filter>MulNX\Extensions\CS2\CSController\LocalPlayer</Filter>
    </ClCompile>
    <ClCompile Include="MulNX\Extensions\CS2\CSController\PlantedC4\PlantedC4.cpp">
      <Filter>MulNX\Extensions\CS2\CSController\PlantedC4</Filter>
    </ClCompile>
    <ClCompile Include="MulNX\Systems\Systems.cpp">
      <Filter>MulNX\Systems</Filter>
    </ClCompile>
    <ClCompile Include="MulNX\Extensions\MQTT\ThirdParty\mqtt.c">
      <Filter>MulNX\Extensions\MQTT\ThirdParty</Filter>
    </ClCompile>
    <ClCompile Include="MulNX\Extensions\MQTT\ThirdParty\mqtt_pal.c">
      <Filter>MulNX\Extensions\MQTT\ThirdParty</Filter>
    </ClCompile>
    <ClCompile Include="MulNX\Extensions\MQTT\MQTTClient\MQTTClient.cpp">
      <Filter>MulNX\Extensions\MQTT\MQTTClient</Filter>
    </ClCompile>
    <ClCompile Include="Projects\MulNX_CS2\DllMain\DllMain.cpp">
      <Filter>Projects\MulNX_CS2\DllMain</Filter>
    </ClCompile>
    <ClCompile Include="MulNX\MulNX.cpp">
      <Filter>MulNX</Filter>
    </ClCompile>
    <ClCompile Include="MulNX\Core\ModuleManager\ModuleManager.cpp">
      <Filter>MulNX\Core\ModuleManager</Filter>
    </ClCompile>
  </ItemGroup>
  <ItemGroup>
    <Library Include="ThirdParty\minhook_debug_x64\lib\minhook.x64d.lib">
      <Filter>ThirdParty\minhook_debug_x64</Filter>
    </Library>
  </ItemGroup>
  <ItemGroup>
    <Text Include="MulNX\Extensions\MQTT\ThirdParty\License_MQTT-C.txt">
      <Filter>MulNX\Extensions\MQTT\ThirdParty</Filter>
    </Text>
  </ItemGroup>
</Project>